# This file is automatically @generated by Cargo.
# It is not intended for manual editing.
version = 4

[[package]]
name = "tidal-player"
version = "0.1.0"

[[package]]
name = "tidal-player-api"
version = "0.1.0"

[[package]]
name = "tidal-player-audio"
version = "0.1.0"

[[package]]
name = "tidal-player-core"
version = "0.1.0"

[[package]]
name = "xtask"
version = "0.1.0"
